// !$*UTF8*$!
{
	archiveVersion = 1;
	classes = {
	};
	objectVersion = 46;
	objects = {

/* Begin PBXBuildFile section */
		0034841117E0199500F89020 /* UIKit.framework in Frameworks */ = {isa = PBXBuildFile; fileRef = 0034841017E0199500F89020 /* UIKit.framework */; };
		0034841317E0199500F89020 /* Foundation.framework in Frameworks */ = {isa = PBXBuildFile; fileRef = 0034841217E0199500F89020 /* Foundation.framework */; };
		0034841517E0199500F89020 /* CoreGraphics.framework in Frameworks */ = {isa = PBXBuildFile; fileRef = 0034841417E0199500F89020 /* CoreGraphics.framework */; };
		0034841B17E0199500F89020 /* InfoPlist.strings in Resources */ = {isa = PBXBuildFile; fileRef = 0034841917E0199500F89020 /* InfoPlist.strings */; };
		0034841D17E0199500F89020 /* main.m in Sources */ = {isa = PBXBuildFile; fileRef = 0034841C17E0199500F89020 /* main.m */; };
		0034842117E0199500F89020 /* BIDAppDelegate.m in Sources */ = {isa = PBXBuildFile; fileRef = 0034842017E0199500F89020 /* BIDAppDelegate.m */; };
		0034842417E0199500F89020 /* BIDViewController.m in Sources */ = {isa = PBXBuildFile; fileRef = 0034842317E0199500F89020 /* BIDViewController.m */; };
		0034842717E0199600F89020 /* BIDViewController.xib in Resources */ = {isa = PBXBuildFile; fileRef = 0034842517E0199600F89020 /* BIDViewController.xib */; };
/* End PBXBuildFile section */

/* Begin PBXFileReference section */
		0034840C17E0199500F89020 /* Hello World.app */ = {isa = PBXFileReference; explicitFileType = wrapper.application; includeInIndex = 0; path = "Hello World.app"; sourceTree = BUILT_PRODUCTS_DIR; };
		0034841017E0199500F89020 /* UIKit.framework */ = {isa = PBXFileReference; lastKnownFileType = wrapper.framework; name = UIKit.framework; path = System/Library/Frameworks/UIKit.framework; sourceTree = SDKROOT; };
		0034841217E0199500F89020 /* Foundation.framework */ = {isa = PBXFileReference; lastKnownFileType = wrapper.framework; name = Foundation.framework; path = System/Library/Frameworks/Foundation.framework; sourceTree = SDKROOT; };
		0034841417E0199500F89020 /* CoreGraphics.framework */ = {isa = PBXFileReference; lastKnownFileType = wrapper.framework; name = CoreGraphics.framework; path = System/Library/Frameworks/CoreGraphics.framework; sourceTree = SDKROOT; };
		0034841817E0199500F89020 /* Hello World-Info.plist */ = {isa = PBXFileReference; lastKnownFileType = text.plist.xml; path = "Hello World-Info.plist"; sourceTree = "<group>"; };
		0034841A17E0199500F89020 /* en */ = {isa = PBXFileReference; lastKnownFileType = text.plist.strings; name = en; path = en.lproj/InfoPlist.strings; sourceTree = "<group>"; };
		0034841C17E0199500F89020 /* main.m */ = {isa = PBXFileReference; lastKnownFileType = sourcecode.c.objc; path = main.m; sourceTree = "<group>"; };
		0034841E17E0199500F89020 /* Hello World-Prefix.pch */ = {isa = PBXFileReference; lastKnownFileType = sourcecode.c.h; path = "Hello World-Prefix.pch"; sourceTree = "<group>"; };
		0034841F17E0199500F89020 /* BIDAppDelegate.h */ = {isa = PBXFileReference; lastKnownFileType = sourcecode.c.h; path = BIDAppDelegate.h; sourceTree = "<group>"; };
		0034842017E0199500F89020 /* BIDAppDelegate.m */ = {isa = PBXFileReference; lastKnownFileType = sourcecode.c.objc; path = BIDAppDelegate.m; sourceTree = "<group>"; };
		0034842217E0199500F89020 /* BIDViewController.h */ = {isa = PBXFileReference; lastKnownFileType = sourcecode.c.h; path = BIDViewController.h; sourceTree = "<group>"; };
		0034842317E0199500F89020 /* BIDViewController.m */ = {isa = PBXFileReference; lastKnownFileType = sourcecode.c.objc; path = BIDViewController.m; sourceTree = "<group>"; };
		0034842617E0199600F89020 /* en */ = {isa = PBXFileReference; lastKnownFileType = file.xib; name = en; path = en.lproj/BIDViewController.xib; sourceTree = "<group>"; };
/* End PBXFileReference section */

/* Begin PBXFrameworksBuildPhase section */
		0034840917E0199500F89020 /* Frameworks */ = {
			isa = PBXFrameworksBuildPhase;
			buildActionMask = 2147483647;
			files = (
				0034841117E0199500F89020 /* UIKit.framework in Frameworks */,
				0034841317E0199500F89020 /* Foundation.framework in Frameworks */,
				0034841517E0199500F89020 /* CoreGraphics.framework in Frameworks */,
			);
			runOnlyForDeploymentPostprocessing = 0;
		};
/* End PBXFrameworksBuildPhase section */

/* Begin PBXGroup section */
		0034840117E0199500F89020 = {
			isa = PBXGroup;
			children = (
				0034841617E0199500F89020 /* Hello World */,
				0034840F17E0199500F89020 /* Frameworks */,
				0034840D17E0199500F89020 /* Products */,
			);
			sourceTree = "<group>";
		};
		0034840D17E0199500F89020 /* Products */ = {
			isa = PBXGroup;
			children = (
				0034840C17E0199500F89020 /* Hello World.app */,
			);
			name = Products;
			sourceTree = "<group>";
		};
		0034840F17E0199500F89020 /* Frameworks */ = {
			isa = PBXGroup;
			children = (
				0034841017E0199500F89020 /* UIKit.framework */,
				0034841217E0199500F89020 /* Foundation.framework */,
				0034841417E0199500F89020 /* CoreGraphics.framework */,
			);
			name = Frameworks;
			sourceTree = "<group>";
		};
		0034841617E0199500F89020 /* Hello World */ = {
			isa = PBXGroup;
			children = (
				0034841F17E0199500F89020 /* BIDAppDelegate.h */,
				0034842017E0199500F89020 /* BIDAppDelegate.m */,
				0034842217E0199500F89020 /* BIDViewController.h */,
				0034842317E0199500F89020 /* BIDViewController.m */,
				0034842517E0199600F89020 /* BIDViewController.xib */,
				0034841717E0199500F89020 /* Supporting Files */,
			);
			path = "Hello World";
			sourceTree = "<group>";
		};
		0034841717E0199500F89020 /* Supporting Files */ = {
			isa = PBXGroup;
			children = (
				0034841817E0199500F89020 /* Hello World-Info.plist */,
				0034841917E0199500F89020 /* InfoPlist.strings */,
				0034841C17E0199500F89020 /* main.m */,
				0034841E17E0199500F89020 /* Hello World-Prefix.pch */,
			);
			name = "Supporting Files";
			sourceTree = "<group>";
		};
/* End PBXGroup section */

/* Begin PBXNativeTarget section */
		0034840B17E0199500F89020 /* Hello World */ = {
			isa = PBXNativeTarget;
			buildConfigurationList = 0034842A17E0199600F89020 /* Build configuration list for PBXNativeTarget "Hello World" */;
			buildPhases = (
				0034840817E0199500F89020 /* Sources */,
				0034840917E0199500F89020 /* Frameworks */,
				0034840A17E0199500F89020 /* Resources */,
			);
			buildRules = (
			);
			dependencies = (
			);
			name = "Hello World";
			productName = "Hello World";
			productReference = 0034840C17E0199500F89020 /* Hello World.app */;
			productType = "com.apple.product-type.application";
		};
/* End PBXNativeTarget section */

/* Begin PBXProject section */
		0034840317E0199500F89020 /* Project object */ = {
			isa = PBXProject;
			attributes = {
				LastUpgradeCheck = 0420;
			};
			buildConfigurationList = 0034840617E0199500F89020 /* Build configuration list for PBXProject "Hello World" */;
			compatibilityVersion = "Xcode 3.2";
			developmentRegion = English;
			hasScannedForEncodings = 0;
			knownRegions = (
				en,
			);
			mainGroup = 0034840117E0199500F89020;
			productRefGroup = 0034840D17E0199500F89020 /* Products */;
			projectDirPath = "";
			projectRoot = "";
			targets = (
				0034840B17E0199500F89020 /* Hello World */,
			);
		};
/* End PBXProject section */

/* Begin PBXResourcesBuildPhase section */
		0034840A17E0199500F89020 /* Resources */ = {
			isa = PBXResourcesBuildPhase;
			buildActionMask = 2147483647;
			files = (
				0034841B17E0199500F89020 /* InfoPlist.strings in Resources */,
				0034842717E0199600F89020 /* BIDViewController.xib in Resources */,
			);
			runOnlyForDeploymentPostprocessing = 0;
		};
/* End PBXResourcesBuildPhase section */

/* Begin PBXSourcesBuildPhase section */
		0034840817E0199500F89020 /* Sources */ = {
			isa = PBXSourcesBuildPhase;
			buildActionMask = 2147483647;
			files = (
				0034841D17E0199500F89020 /* main.m in Sources */,
				0034842117E0199500F89020 /* BIDAppDelegate.m in Sources */,
				0034842417E0199500F89020 /* BIDViewController.m in Sources */,
			);
			runOnlyForDeploymentPostprocessing = 0;
		};
/* End PBXSourcesBuildPhase section */

/* Begin PBXVariantGroup section */
		0034841917E0199500F89020 /* InfoPlist.strings */ = {
			isa = PBXVariantGroup;
			children = (
				0034841A17E0199500F89020 /* en */,
			);
			name = InfoPlist.strings;
			sourceTree = "<group>";
		};
		0034842517E0199600F89020 /* BIDViewController.xib */ = {
			isa = PBXVariantGroup;
			children = (
				0034842617E0199600F89020 /* en */,
			);
			name = BIDViewController.xib;
			sourceTree = "<group>";
		};
/* End PBXVariantGroup section */

/* Begin XCBuildConfiguration section */
		0034842817E0199600F89020 /* Debug */ = {
			isa = XCBuildConfiguration;
			buildSettings = {
				ALWAYS_SEARCH_USER_PATHS = NO;
				ARCHS = "$(ARCHS_STANDARD_32_BIT)";
				CLANG_ENABLE_OBJC_ARC = YES;
				"CODE_SIGN_IDENTITY[sdk=iphoneos*]" = "iPhone Developer";
				COPY_PHASE_STRIP = NO;
				GCC_C_LANGUAGE_STANDARD = gnu99;
				GCC_DYNAMIC_NO_PIC = NO;
				GCC_OPTIMIZATION_LEVEL = 0;
				GCC_PREPROCESSOR_DEFINITIONS = (
					"DEBUG=1",
					"$(inherited)",
				);
				GCC_SYMBOLS_PRIVATE_EXTERN = NO;
				GCC_VERSION = com.apple.compilers.llvm.clang.1_0;
				GCC_WARN_ABOUT_MISSING_PROTOTYPES = YES;
				GCC_WARN_ABOUT_RETURN_TYPE = YES;
				GCC_WARN_UNUSED_VARIABLE = YES;
				IPHONEOS_DEPLOYMENT_TARGET = 5.0;
				SDKROOT = iphoneos;
			};
			name = Debug;
		};
		0034842917E0199600F89020 /* Release */ = {
			isa = XCBuildConfiguration;
			buildSettings = {
				ALWAYS_SEARCH_USER_PATHS = NO;
				ARCHS = "$(ARCHS_STANDARD_32_BIT)";
				CLANG_ENABLE_OBJC_ARC = YES;
				"CODE_SIGN_IDENTITY[sdk=iphoneos*]" = "iPhone Developer";
				COPY_PHASE_STRIP = YES;
				GCC_C_LANGUAGE_STANDARD = gnu99;
				GCC_VERSION = com.apple.compilers.llvm.clang.1_0;
				GCC_WARN_ABOUT_MISSING_PROTOTYPES = YES;
				GCC_WARN_ABOUT_RETURN_TYPE = YES;
				GCC_WARN_UNUSED_VARIABLE = YES;
				IPHONEOS_DEPLOYMENT_TARGET = 5.0;
				OTHER_CFLAGS = "-DNS_BLOCK_ASSERTIONS=1";
				SDKROOT = iphoneos;
				VALIDATE_PRODUCT = YES;
			};
			name = Release;
		};
		0034842B17E0199600F89020 /* Debug */ = {
			isa = XCBuildConfiguration;
			buildSettings = {
				GCC_PRECOMPILE_PREFIX_HEADER = YES;
				GCC_PREFIX_HEADER = "Hello World/Hello World-Prefix.pch";
				INFOPLIST_FILE = "Hello World/Hello World-Info.plist";
				PRODUCT_NAME = "$(TARGET_NAME)";
				WRAPPER_EXTENSION = app;
			};
			name = Debug;
		};
		0034842C17E0199600F89020 /* Release */ = {
			isa = XCBuildConfiguration;
			buildSettings = {
				GCC_PRECOMPILE_PREFIX_HEADER = YES;
				GCC_PREFIX_HEADER = "Hello World/Hello World-Prefix.pch";
				INFOPLIST_FILE = "Hello World/Hello World-Info.plist";
				PRODUCT_NAME = "$(TARGET_NAME)";
				WRAPPER_EXTENSION = app;
			};
			name = Release;
		};
/* End XCBuildConfiguration section */

/* Begin XCConfigurationList section */
		0034840617E0199500F89020 /* Build configuration list for PBXProject "Hello World" */ = {
			isa = XCConfigurationList;
			buildConfigurations = (
				0034842817E0199600F89020 /* Debug */,
				0034842917E0199600F89020 /* Release */,
			);
			defaultConfigurationIsVisible = 0;
			defaultConfigurationName = Release;
		};
		0034842A17E0199600F89020 /* Build configuration list for PBXNativeTarget "Hello World" */ = {
			isa = XCConfigurationList;
			buildConfigurations = (
				0034842B17E0199600F89020 /* Debug */,
				0034842C17E0199600F89020 /* Release */,
			);
			defaultConfigurationIsVisible = 0;
		};
/* End XCConfigurationList section */
	};
	rootObject = 0034840317E0199500F89020 /* Project object */;
}
